
Microsoft Visual Studio Solution File, Format Version 12.00
# Visual Studio Version 17
VisualStudioVersion = 17.3.32825.248
MinimumVisualStudioVersion = 10.0.40219.1
Project("{FAE04EC0-301F-11D3-BF4B-00C04F79EFBC}") = "ARM_engineer", "ARM_engineer.csproj", "{5DE987A1-3B04-46B9-A5AB-4962E3A9D6FE}"
EndProject
Global
	GlobalSection(SolutionConfigurationPlatforms) = preSolution
		Debug|Any CPU = Debug|Any CPU
		Release|Any CPU = Release|Any CPU
	EndGlobalSection
	GlobalSection(ProjectConfigurationPlatforms) = postSolution
		{5DE987A1-3B04-46B9-A5AB-4962E3A9D6FE}.Debug|Any CPU.ActiveCfg = Debug|Any CPU
		{5DE987A1-3B04-46B9-A5AB-4962E3A9D6FE}.Debug|Any CPU.Build.0 = Debug|Any CPU
		{5DE987A1-3B04-46B9-A5AB-4962E3A9D6FE}.Release|Any CPU.ActiveCfg = Release|Any CPU
		{5DE987A1-3B04-46B9-A5AB-4962E3A9D6FE}.Release|Any CPU.Build.0 = Release|Any CPU
	EndGlobalSection
	GlobalSection(SolutionProperties) = preSolution
		HideSolutionNode = FALSE
	EndGlobalSection
	GlobalSection(ExtensibilityGlobals) = postSolution
		SolutionGuid = {31175258-E11A-4C16-B556-4AE739F1BC0C}
	EndGlobalSection
EndGlobal
